
Microsoft Visual Studio Solution File, Format Version 12.00
# Visual Studio Version 16
VisualStudioVersion = 16.0.32228.343
MinimumVisualStudioVersion = 10.0.40219.1
Project("{FAE04EC0-301F-11D3-BF4B-00C04F79EFBC}") = "kor", "kor\kor.csproj", "{295C615E-86A8-4BB6-ABCB-A2699FE0EB12}"
EndProject
Global
	GlobalSection(SolutionConfigurationPlatforms) = preSolution
		Debug|Any CPU = Debug|Any CPU
		Release|Any CPU = Release|Any CPU
	EndGlobalSection
	GlobalSection(ProjectConfigurationPlatforms) = postSolution
		{295C615E-86A8-4BB6-ABCB-A2699FE0EB12}.Debug|Any CPU.ActiveCfg = Debug|Any CPU
		{295C615E-86A8-4BB6-ABCB-A2699FE0EB12}.Debug|Any CPU.Build.0 = Debug|Any CPU
		{295C615E-86A8-4BB6-ABCB-A2699FE0EB12}.Release|Any CPU.ActiveCfg = Release|Any CPU
		{295C615E-86A8-4BB6-ABCB-A2699FE0EB12}.Release|Any CPU.Build.0 = Release|Any CPU
	EndGlobalSection
	GlobalSection(SolutionProperties) = preSolution
		HideSolutionNode = FALSE
	EndGlobalSection
	GlobalSection(ExtensibilityGlobals) = postSolution
		SolutionGuid = {4E0DFD0B-4EE9-4E43-AE01-554FD1581A48}
	EndGlobalSection
EndGlobal
