
Microsoft Visual Studio Solution File, Format Version 12.00
# Visual Studio Version 17
VisualStudioVersion = 17.7.34018.315
MinimumVisualStudioVersion = 10.0.40219.1
Project("{FAE04EC0-301F-11D3-BF4B-00C04F79EFBC}") = "switch", "switch\switch.csproj", "{434794CA-0F37-4DD3-AB87-BF29A3712C7D}"
EndProject
Global
	GlobalSection(SolutionConfigurationPlatforms) = preSolution
		Debug|Any CPU = Debug|Any CPU
		Release|Any CPU = Release|Any CPU
	EndGlobalSection
	GlobalSection(ProjectConfigurationPlatforms) = postSolution
		{434794CA-0F37-4DD3-AB87-BF29A3712C7D}.Debug|Any CPU.ActiveCfg = Debug|Any CPU
		{434794CA-0F37-4DD3-AB87-BF29A3712C7D}.Debug|Any CPU.Build.0 = Debug|Any CPU
		{434794CA-0F37-4DD3-AB87-BF29A3712C7D}.Release|Any CPU.ActiveCfg = Release|Any CPU
		{434794CA-0F37-4DD3-AB87-BF29A3712C7D}.Release|Any CPU.Build.0 = Release|Any CPU
	EndGlobalSection
	GlobalSection(SolutionProperties) = preSolution
		HideSolutionNode = FALSE
	EndGlobalSection
	GlobalSection(ExtensibilityGlobals) = postSolution
		SolutionGuid = {FAD1E469-0C50-40B5-AD7C-AE04339B2718}
	EndGlobalSection
EndGlobal
