
Microsoft Visual Studio Solution File, Format Version 12.00
# Visual Studio Version 16
VisualStudioVersion = 16.0.32228.343
MinimumVisualStudioVersion = 10.0.40219.1
Project("{FAE04EC0-301F-11D3-BF4B-00C04F79EFBC}") = "masodfoku", "masodfoku\masodfoku.csproj", "{5CDDDE68-96E9-4EA6-BAD4-414659FE7BD6}"
EndProject
Global
	GlobalSection(SolutionConfigurationPlatforms) = preSolution
		Debug|Any CPU = Debug|Any CPU
		Release|Any CPU = Release|Any CPU
	EndGlobalSection
	GlobalSection(ProjectConfigurationPlatforms) = postSolution
		{5CDDDE68-96E9-4EA6-BAD4-414659FE7BD6}.Debug|Any CPU.ActiveCfg = Debug|Any CPU
		{5CDDDE68-96E9-4EA6-BAD4-414659FE7BD6}.Debug|Any CPU.Build.0 = Debug|Any CPU
		{5CDDDE68-96E9-4EA6-BAD4-414659FE7BD6}.Release|Any CPU.ActiveCfg = Release|Any CPU
		{5CDDDE68-96E9-4EA6-BAD4-414659FE7BD6}.Release|Any CPU.Build.0 = Release|Any CPU
	EndGlobalSection
	GlobalSection(SolutionProperties) = preSolution
		HideSolutionNode = FALSE
	EndGlobalSection
	GlobalSection(ExtensibilityGlobals) = postSolution
		SolutionGuid = {C9EA8F52-BC65-4E86-9823-B02AB59B5201}
	EndGlobalSection
EndGlobal
